
Microsoft Visual Studio Solution File, Format Version 12.00
# Visual Studio Version 16
VisualStudioVersion = 16.0.31205.134
MinimumVisualStudioVersion = 10.0.40219.1
Project("{FAE04EC0-301F-11D3-BF4B-00C04F79EFBC}") = "LabMileshko№1", "LabMileshko№1.csproj", "{A0FA73EF-0557-4069-93E8-1A5FE8887FFD}"
EndProject
Global
	GlobalSection(SolutionConfigurationPlatforms) = preSolution
		Debug|Any CPU = Debug|Any CPU
		Release|Any CPU = Release|Any CPU
	EndGlobalSection
	GlobalSection(ProjectConfigurationPlatforms) = postSolution
		{A0FA73EF-0557-4069-93E8-1A5FE8887FFD}.Debug|Any CPU.ActiveCfg = Debug|Any CPU
		{A0FA73EF-0557-4069-93E8-1A5FE8887FFD}.Debug|Any CPU.Build.0 = Debug|Any CPU
		{A0FA73EF-0557-4069-93E8-1A5FE8887FFD}.Release|Any CPU.ActiveCfg = Release|Any CPU
		{A0FA73EF-0557-4069-93E8-1A5FE8887FFD}.Release|Any CPU.Build.0 = Release|Any CPU
	EndGlobalSection
	GlobalSection(SolutionProperties) = preSolution
		HideSolutionNode = FALSE
	EndGlobalSection
	GlobalSection(ExtensibilityGlobals) = postSolution
		SolutionGuid = {6304E723-39FC-4E61-8EA9-A265170028A7}
	EndGlobalSection
EndGlobal
